{
  "version": 4,
  "terraform_version": "1.8.0",
  "serial": 447,
  "lineage": "9933b4c6-e35f-1935-cfda-63a64549a853",
  "outputs": {},
  "resources": [
    {
      "mode": "managed",
      "type": "google_cloudbuild_trigger",
      "name": "filename-trigger",
      "provider": "provider[\"registry.terraform.io/hashicorp/google\"]",
      "instances": [
        {
          "schema_version": 2,
          "attributes": {
            "approval_config": [
              {
                "approval_required": false
              }
            ],
            "bitbucket_server_trigger_config": [],
            "build": [],
            "create_time": "2024-04-17T16:06:57.109648654Z",
            "description": "",
            "disabled": false,
            "filename": "cloudbuild.yaml",
            "filter": "",
            "git_file_source": [],
            "github": [
              {
                "enterprise_config_resource_name": "",
                "name": "Cloud-Challenges",
                "owner": "AlejandroPintosAlcarazo",
                "pull_request": [],
                "push": [
                  {
                    "branch": "^main$",
                    "invert_regex": false,
                    "tag": ""
                  }
                ]
              }
            ],
            "id": "projects/fluted-oath-420013/locations/europe-west1/triggers/1fb6da10-2dff-40ae-ae2c-2f49a8c8204e",
            "ignored_files": [],
            "include_build_logs": "",
            "included_files": [],
            "location": "europe-west1",
            "name": "my-launcher",
            "project": "fluted-oath-420013",
            "pubsub_config": [],
            "repository_event_config": [],
            "service_account": "",
            "source_to_build": [],
            "substitutions": {
              "_VPC_CONNECTOR": "peering-tool"
            },
            "tags": [],
            "timeouts": null,
            "trigger_id": "1fb6da10-2dff-40ae-ae2c-2f49a8c8204e",
            "trigger_template": [],
            "webhook_config": []
          },
          "sensitive_attributes": [],
          "private": "eyJlMmJmYjczMC1lY2FhLTExZTYtOGY4OC0zNDM2M2JjN2M0YzAiOnsiY3JlYXRlIjoxMjAwMDAwMDAwMDAwLCJkZWxldGUiOjEyMDAwMDAwMDAwMDAsInVwZGF0ZSI6MTIwMDAwMDAwMDAwMH0sInNjaGVtYV92ZXJzaW9uIjoiMiJ9",
          "dependencies": [
            "google_compute_network.peering_network",
            "google_compute_subnetwork.peering_subnet",
            "google_vpc_access_connector.connector"
          ]
        }
      ]
    },
    {
      "mode": "managed",
      "type": "google_compute_global_address",
      "name": "private_ip_alloc",
      "provider": "provider[\"registry.terraform.io/hashicorp/google\"]",
      "instances": [
        {
          "schema_version": 0,
          "attributes": {
            "address": "10.7.0.0",
            "address_type": "INTERNAL",
            "creation_timestamp": "2024-04-16T21:48:20.515-07:00",
            "description": "",
            "id": "projects/fluted-oath-420013/global/addresses/private-ip-alloc",
            "ip_version": "",
            "name": "private-ip-alloc",
            "network": "https://www.googleapis.com/compute/v1/projects/fluted-oath-420013/global/networks/peering-network",
            "prefix_length": 16,
            "project": "fluted-oath-420013",
            "purpose": "VPC_PEERING",
            "self_link": "https://www.googleapis.com/compute/v1/projects/fluted-oath-420013/global/addresses/private-ip-alloc",
            "timeouts": null
          },
          "sensitive_attributes": [],
          "private": "eyJlMmJmYjczMC1lY2FhLTExZTYtOGY4OC0zNDM2M2JjN2M0YzAiOnsiY3JlYXRlIjoxMjAwMDAwMDAwMDAwLCJkZWxldGUiOjEyMDAwMDAwMDAwMDB9fQ==",
          "dependencies": [
            "google_compute_network.peering_network"
          ]
        }
      ]
    },
    {
      "mode": "managed",
      "type": "google_compute_network",
      "name": "peering_network",
      "provider": "provider[\"registry.terraform.io/hashicorp/google\"]",
      "instances": [
        {
          "schema_version": 0,
          "attributes": {
            "auto_create_subnetworks": true,
            "delete_default_routes_on_create": false,
            "description": "",
            "enable_ula_internal_ipv6": false,
            "gateway_ipv4": "",
            "id": "projects/fluted-oath-420013/global/networks/peering-network",
            "internal_ipv6_range": "",
            "mtu": 0,
            "name": "peering-network",
            "network_firewall_policy_enforcement_order": "AFTER_CLASSIC_FIREWALL",
            "numeric_id": "646160906315819696",
            "project": "fluted-oath-420013",
            "routing_mode": "REGIONAL",
            "self_link": "https://www.googleapis.com/compute/v1/projects/fluted-oath-420013/global/networks/peering-network",
            "timeouts": null
          },
          "sensitive_attributes": [],
          "private": "eyJlMmJmYjczMC1lY2FhLTExZTYtOGY4OC0zNDM2M2JjN2M0YzAiOnsiY3JlYXRlIjoxMjAwMDAwMDAwMDAwLCJkZWxldGUiOjEyMDAwMDAwMDAwMDAsInVwZGF0ZSI6MTIwMDAwMDAwMDAwMH19"
        }
      ]
    },
    {
      "mode": "managed",
      "type": "google_compute_route",
      "name": "default_route",
      "provider": "provider[\"registry.terraform.io/hashicorp/google\"]",
      "instances": [
        {
          "schema_version": 0,
          "attributes": {
            "description": "",
            "dest_range": "0.0.0.0/0",
            "id": "projects/fluted-oath-420013/global/routes/traffic-conector",
            "name": "traffic-conector",
            "network": "https://www.googleapis.com/compute/v1/projects/fluted-oath-420013/global/networks/peering-network",
            "next_hop_gateway": "https://www.googleapis.com/compute/v1/projects/fluted-oath-420013/global/gateways/default-internet-gateway",
            "next_hop_ilb": "",
            "next_hop_instance": "",
            "next_hop_instance_zone": null,
            "next_hop_ip": "",
            "next_hop_network": "",
            "next_hop_vpn_tunnel": "",
            "priority": 1000,
            "project": "fluted-oath-420013",
            "self_link": "https://www.googleapis.com/compute/v1/projects/fluted-oath-420013/global/routes/traffic-conector",
            "tags": null,
            "timeouts": null
          },
          "sensitive_attributes": [],
          "private": "eyJlMmJmYjczMC1lY2FhLTExZTYtOGY4OC0zNDM2M2JjN2M0YzAiOnsiY3JlYXRlIjoxMjAwMDAwMDAwMDAwLCJkZWxldGUiOjEyMDAwMDAwMDAwMDB9fQ==",
          "dependencies": [
            "google_compute_network.peering_network"
          ]
        }
      ]
    },
    {
      "mode": "managed",
      "type": "google_compute_subnetwork",
      "name": "peering_subnet",
      "provider": "provider[\"registry.terraform.io/hashicorp/google\"]",
      "instances": [
        {
          "schema_version": 0,
          "attributes": {
            "creation_timestamp": "2024-04-16T21:48:21.165-07:00",
            "description": "",
            "external_ipv6_prefix": "",
            "fingerprint": null,
            "gateway_address": "10.2.0.1",
            "id": "projects/fluted-oath-420013/regions/europe-west1/subnetworks/peering-network-subnet",
            "internal_ipv6_prefix": "",
            "ip_cidr_range": "10.2.0.0/28",
            "ipv6_access_type": "",
            "ipv6_cidr_range": "",
            "log_config": [],
            "name": "peering-network-subnet",
            "network": "https://www.googleapis.com/compute/v1/projects/fluted-oath-420013/global/networks/peering-network",
            "private_ip_google_access": false,
            "private_ipv6_google_access": "DISABLE_GOOGLE_ACCESS",
            "project": "fluted-oath-420013",
            "purpose": "PRIVATE",
            "region": "europe-west1",
            "role": "",
            "secondary_ip_range": [],
            "self_link": "https://www.googleapis.com/compute/v1/projects/fluted-oath-420013/regions/europe-west1/subnetworks/peering-network-subnet",
            "stack_type": "IPV4_ONLY",
            "timeouts": null
          },
          "sensitive_attributes": [],
          "private": "eyJlMmJmYjczMC1lY2FhLTExZTYtOGY4OC0zNDM2M2JjN2M0YzAiOnsiY3JlYXRlIjoxMjAwMDAwMDAwMDAwLCJkZWxldGUiOjEyMDAwMDAwMDAwMDAsInVwZGF0ZSI6MTIwMDAwMDAwMDAwMH19",
          "dependencies": [
            "google_compute_network.peering_network"
          ]
        }
      ]
    },
    {
      "mode": "managed",
      "type": "google_dns_managed_zone",
      "name": "peering_zone",
      "provider": "provider[\"registry.terraform.io/hashicorp/google\"]",
      "instances": [
        {
          "schema_version": 0,
          "attributes": {
            "cloud_logging_config": [
              {
                "enable_logging": false
              }
            ],
            "creation_time": "2024-04-17T18:58:06.808Z",
            "description": "Private DNS zone",
            "dns_name": "example.internal.",
            "dnssec_config": [],
            "effective_labels": {},
            "force_destroy": false,
            "forwarding_config": [],
            "id": "projects/fluted-oath-420013/managedZones/private-zone",
            "labels": null,
            "managed_zone_id": 115621574739747232,
            "name": "private-zone",
            "name_servers": [
              "ns-gcp-private.googledomains.com."
            ],
            "peering_config": [],
            "private_visibility_config": [
              {
                "gke_clusters": [],
                "networks": [
                  {
                    "network_url": "https://www.googleapis.com/compute/v1/projects/fluted-oath-420013/global/networks/peering-network"
                  }
                ]
              }
            ],
            "project": "fluted-oath-420013",
            "terraform_labels": {},
            "timeouts": null,
            "visibility": "private"
          },
          "sensitive_attributes": [],
          "private": "eyJlMmJmYjczMC1lY2FhLTExZTYtOGY4OC0zNDM2M2JjN2M0YzAiOnsiY3JlYXRlIjoxMjAwMDAwMDAwMDAwLCJkZWxldGUiOjEyMDAwMDAwMDAwMDAsInVwZGF0ZSI6MTIwMDAwMDAwMDAwMH19",
          "dependencies": [
            "google_compute_network.peering_network"
          ]
        }
      ]
    },
    {
      "mode": "managed",
      "type": "google_dns_record_set",
      "name": "private_sql",
      "provider": "provider[\"registry.terraform.io/hashicorp/google\"]",
      "instances": [
        {
          "schema_version": 0,
          "attributes": {
            "id": "projects/fluted-oath-420013/managedZones/private-zone/rrsets/example.internal./A",
            "managed_zone": "private-zone",
            "name": "example.internal.",
            "project": "fluted-oath-420013",
            "routing_policy": [],
            "rrdatas": [
              "10.7.0.3"
            ],
            "ttl": 300,
            "type": "A"
          },
          "sensitive_attributes": [],
          "private": "bnVsbA==",
          "dependencies": [
            "google_compute_network.peering_network",
            "google_compute_subnetwork.peering_subnet",
            "google_dns_managed_zone.peering_zone",
            "google_sql_database_instance.my-database",
            "google_vpc_access_connector.connector"
          ]
        }
      ]
    },
    {
      "mode": "managed",
      "type": "google_project_iam_member",
      "name": "cloud_sql_admin",
      "provider": "provider[\"registry.terraform.io/hashicorp/google\"]",
      "instances": [
        {
          "schema_version": 0,
          "attributes": {
            "condition": [],
            "etag": "BwYWTiF5eAM=",
            "id": "fluted-oath-420013/roles/cloudsql.admin/serviceAccount:service-account@fluted-oath-420013.iam.gserviceaccount.com",
            "member": "serviceAccount:service-account@fluted-oath-420013.iam.gserviceaccount.com",
            "project": "fluted-oath-420013",
            "role": "roles/cloudsql.admin"
          },
          "sensitive_attributes": [],
          "private": "bnVsbA==",
          "dependencies": [
            "google_service_account.service_account"
          ]
        }
      ]
    },
    {
      "mode": "managed",
      "type": "google_project_service",
      "name": "compute_api",
      "provider": "provider[\"registry.terraform.io/hashicorp/google\"]",
      "instances": [
        {
          "schema_version": 0,
          "attributes": {
            "disable_dependent_services": null,
            "disable_on_destroy": true,
            "id": "my-second-project-420603/compute.googleapis.com",
            "project": "my-second-project-420603",
            "service": "compute.googleapis.com",
            "timeouts": null
          },
          "sensitive_attributes": [],
          "private": "eyJlMmJmYjczMC1lY2FhLTExZTYtOGY4OC0zNDM2M2JjN2M0YzAiOnsiY3JlYXRlIjoxMjAwMDAwMDAwMDAwLCJkZWxldGUiOjEyMDAwMDAwMDAwMDAsInJlYWQiOjYwMDAwMDAwMDAwMCwidXBkYXRlIjoxMjAwMDAwMDAwMDAwfX0="
        }
      ]
    },
    {
      "mode": "managed",
      "type": "google_service_account",
      "name": "service_account",
      "provider": "provider[\"registry.terraform.io/hashicorp/google\"]",
      "instances": [
        {
          "schema_version": 0,
          "attributes": {
            "account_id": "service-account",
            "create_ignore_already_exists": null,
            "description": "",
            "disabled": false,
            "display_name": "My Service Account",
            "email": "service-account@fluted-oath-420013.iam.gserviceaccount.com",
            "id": "projects/fluted-oath-420013/serviceAccounts/service-account@fluted-oath-420013.iam.gserviceaccount.com",
            "member": "serviceAccount:service-account@fluted-oath-420013.iam.gserviceaccount.com",
            "name": "projects/fluted-oath-420013/serviceAccounts/service-account@fluted-oath-420013.iam.gserviceaccount.com",
            "project": "fluted-oath-420013",
            "timeouts": null,
            "unique_id": "103629570540624567870"
          },
          "sensitive_attributes": [],
          "private": "eyJlMmJmYjczMC1lY2FhLTExZTYtOGY4OC0zNDM2M2JjN2M0YzAiOnsiY3JlYXRlIjozMDAwMDAwMDAwMDB9fQ=="
        }
      ]
    },
    {
      "mode": "managed",
      "type": "google_service_networking_connection",
      "name": "default",
      "provider": "provider[\"registry.terraform.io/hashicorp/google\"]",
      "instances": [
        {
          "schema_version": 0,
          "attributes": {
            "deletion_policy": null,
            "id": "https%3A%2F%2Fwww.googleapis.com%2Fcompute%2Fv1%2Fprojects%2Ffluted-oath-420013%2Fglobal%2Fnetworks%2Fpeering-network:servicenetworking.googleapis.com",
            "network": "https://www.googleapis.com/compute/v1/projects/fluted-oath-420013/global/networks/peering-network",
            "peering": "servicenetworking-googleapis-com",
            "reserved_peering_ranges": [
              "private-ip-alloc"
            ],
            "service": "servicenetworking.googleapis.com",
            "timeouts": null
          },
          "sensitive_attributes": [],
          "private": "eyJlMmJmYjczMC1lY2FhLTExZTYtOGY4OC0zNDM2M2JjN2M0YzAiOnsiY3JlYXRlIjo2MDAwMDAwMDAwMDAsImRlbGV0ZSI6NjAwMDAwMDAwMDAwLCJ1cGRhdGUiOjYwMDAwMDAwMDAwMH19",
          "dependencies": [
            "google_compute_global_address.private_ip_alloc",
            "google_compute_network.peering_network"
          ]
        }
      ]
    },
    {
      "mode": "managed",
      "type": "google_sql_database",
      "name": "database",
      "provider": "provider[\"registry.terraform.io/hashicorp/google\"]",
      "instances": [
        {
          "schema_version": 0,
          "attributes": {
            "charset": "utf8mb4",
            "collation": "utf8mb4_0900_ai_ci",
            "deletion_policy": "DELETE",
            "id": "projects/fluted-oath-420013/instances/my-database/databases/my-database",
            "instance": "my-database",
            "name": "my-database",
            "project": "fluted-oath-420013",
            "self_link": "https://sqladmin.googleapis.com/sql/v1beta4/projects/fluted-oath-420013/instances/my-database/databases/my-database",
            "timeouts": null
          },
          "sensitive_attributes": [],
          "private": "eyJlMmJmYjczMC1lY2FhLTExZTYtOGY4OC0zNDM2M2JjN2M0YzAiOnsiY3JlYXRlIjoxMjAwMDAwMDAwMDAwLCJkZWxldGUiOjEyMDAwMDAwMDAwMDAsInVwZGF0ZSI6MTIwMDAwMDAwMDAwMH19",
          "dependencies": [
            "google_compute_network.peering_network",
            "google_compute_subnetwork.peering_subnet",
            "google_sql_database_instance.my-database",
            "google_vpc_access_connector.connector"
          ]
        }
      ]
    },
    {
      "mode": "managed",
      "type": "google_sql_database_instance",
      "name": "my-database",
      "provider": "provider[\"registry.terraform.io/hashicorp/google\"]",
      "instances": [
        {
          "schema_version": 0,
          "attributes": {
            "available_maintenance_versions": [],
            "clone": [],
            "connection_name": "fluted-oath-420013:europe-west1:my-database",
            "database_version": "MYSQL_8_0",
            "deletion_protection": false,
            "dns_name": "",
            "encryption_key_name": null,
            "first_ip_address": "10.7.0.3",
            "id": "my-database",
            "instance_type": "CLOUD_SQL_INSTANCE",
            "ip_address": [
              {
                "ip_address": "10.7.0.3",
                "time_to_retire": "",
                "type": "PRIVATE"
              }
            ],
            "maintenance_version": "MYSQL_8_0_31.R20240207.00_10",
            "master_instance_name": "",
            "name": "my-database",
            "private_ip_address": "10.7.0.3",
            "project": "fluted-oath-420013",
            "psc_service_attachment_link": "",
            "public_ip_address": "",
            "region": "europe-west1",
            "replica_configuration": [],
            "restore_backup_context": [],
            "root_password": null,
            "self_link": "https://sqladmin.googleapis.com/sql/v1beta4/projects/fluted-oath-420013/instances/my-database",
            "server_ca_cert": [
              {
                "cert": "-----BEGIN CERTIFICATE-----\nMIIDfzCCAmegAwIBAgIBADANBgkqhkiG9w0BAQsFADB3MS0wKwYDVQQuEyQzMjdi\nY2NmOC1mN2NmLTRkYmItYjdkZS1iZjA3NTY4ODdkZGExIzAhBgNVBAMTGkdvb2ds\nZSBDbG91ZCBTUUwgU2VydmVyIENBMRQwEgYDVQQKEwtHb29nbGUsIEluYzELMAkG\nA1UEBhMCVVMwHhcNMjQwNDE3MDQ1MTI5WhcNMzQwNDE1MDQ1MjI5WjB3MS0wKwYD\nVQQuEyQzMjdiY2NmOC1mN2NmLTRkYmItYjdkZS1iZjA3NTY4ODdkZGExIzAhBgNV\nBAMTGkdvb2dsZSBDbG91ZCBTUUwgU2VydmVyIENBMRQwEgYDVQQKEwtHb29nbGUs\nIEluYzELMAkGA1UEBhMCVVMwggEiMA0GCSqGSIb3DQEBAQUAA4IBDwAwggEKAoIB\nAQCZx7jC9H25pNequZxcevI0S1zUwafSSZ42B7aX7Iaduu3GqlPkToqpV8S8vcN5\nlqSMRYYo0ZCij/ByDc8fXNDsF/uWR7j+VFQWHgOUmlpB5OIlU07pExNWEJXmJ8my\nmYx3xTXa22tCKf+SW8MuGdsfFMFCQDlpXcpuNTK1Nyi8ZlaRvPPocEPfvGNPRltL\ngEmIY1SKhi1wEAAeDZgIwHqVD3qoFSPY7oZ+siFVvxQny6bf/lRmMNzO9YICHwyc\nPof4KH07aDJ8L3ynHW/Hy9es7cowQWWPidlZUatV6Wq6hCeNAGbQm98mOLt9Lt9g\nP5544Bf/GUTEJzRjMbSTHsLbAgMBAAGjFjAUMBIGA1UdEwEB/wQIMAYBAf8CAQAw\nDQYJKoZIhvcNAQELBQADggEBAASDSntnCDmrp1nCX8kyiYyKSCOXHMRUUUjTBM9+\nd4wNvhI6k0bUM+uWXVbCnxEfUIeu4v6SmTOe3Iruaugz1AjqxNXy4Q5zLMX0jsej\nWWkZaATgQrP/W3KGYO/zCs4RQ0hqrczETGL/b7hM0rKODdPpEVoy+d8x+EF3vnhR\nKvokMLfhy3LrVK/EreMmg1IhZ21WqQDiFqXKbjLbkgnNJuejh1vqzcgQySXQQHWB\n46zW2lH6wvz+dKg/I3vDVLyQmjo82INge1w0OVdKMhi3Nnebg5a7q7hcxYOG5lnB\nTqoaCzwa3gcbtnJSCX/ev3zZIsR8OtteMRaKd6XyMkTXNq8=\n-----END CERTIFICATE-----",
                "common_name": "C=US,O=Google\\, Inc,CN=Google Cloud SQL Server CA,dnQualifier=327bccf8-f7cf-4dbb-b7de-bf0756887dda",
                "create_time": "2024-04-17T04:51:29.211Z",
                "expiration_time": "2034-04-15T04:52:29.211Z",
                "sha1_fingerprint": "905991c961fde6fdbd119defca816a5f7c728df0"
              }
            ],
            "service_account_email_address": "p691319933169-9sq62c@gcp-sa-cloud-sql.iam.gserviceaccount.com",
            "settings": [
              {
                "activation_policy": "ALWAYS",
                "active_directory_config": [],
                "advanced_machine_features": [],
                "availability_type": "ZONAL",
                "backup_configuration": [
                  {
                    "backup_retention_settings": [
                      {
                        "retained_backups": 7,
                        "retention_unit": "COUNT"
                      }
                    ],
                    "binary_log_enabled": false,
                    "enabled": false,
                    "location": "",
                    "point_in_time_recovery_enabled": false,
                    "start_time": "14:00",
                    "transaction_log_retention_days": 7
                  }
                ],
                "collation": "",
                "connector_enforcement": "NOT_REQUIRED",
                "data_cache_config": [],
                "database_flags": [],
                "deletion_protection_enabled": false,
                "deny_maintenance_period": [],
                "disk_autoresize": true,
                "disk_autoresize_limit": 0,
                "disk_size": 10,
                "disk_type": "PD_SSD",
                "edition": "ENTERPRISE",
                "insights_config": [],
                "ip_configuration": [
                  {
                    "allocated_ip_range": "",
                    "authorized_networks": [],
                    "enable_private_path_for_google_cloud_services": false,
                    "ipv4_enabled": false,
                    "private_network": "projects/fluted-oath-420013/global/networks/peering-network",
                    "psc_config": [],
                    "require_ssl": false,
                    "ssl_mode": ""
                  }
                ],
                "location_preference": [
                  {
                    "follow_gae_application": "",
                    "secondary_zone": "",
                    "zone": "europe-west1-d"
                  }
                ],
                "maintenance_window": [],
                "password_validation_policy": [],
                "pricing_plan": "PER_USE",
                "sql_server_audit_config": [],
                "tier": "db-f1-micro",
                "time_zone": "",
                "user_labels": {},
                "version": 2
              }
            ],
            "timeouts": null
          },
          "sensitive_attributes": [
            [
              {
                "type": "get_attr",
                "value": "root_password"
              }
            ],
            [
              {
                "type": "get_attr",
                "value": "server_ca_cert"
              }
            ]
          ],
          "private": "eyJlMmJmYjczMC1lY2FhLTExZTYtOGY4OC0zNDM2M2JjN2M0YzAiOnsiY3JlYXRlIjoyNDAwMDAwMDAwMDAwLCJkZWxldGUiOjE4MDAwMDAwMDAwMDAsInVwZGF0ZSI6MTgwMDAwMDAwMDAwMH19",
          "dependencies": [
            "google_compute_network.peering_network",
            "google_compute_subnetwork.peering_subnet",
            "google_vpc_access_connector.connector"
          ]
        }
      ]
    },
    {
      "mode": "managed",
      "type": "google_sql_user",
      "name": "sql-users",
      "provider": "provider[\"registry.terraform.io/hashicorp/google\"]",
      "instances": [
        {
          "schema_version": 1,
          "attributes": {
            "deletion_policy": null,
            "host": "",
            "id": "user//my-database",
            "instance": "my-database",
            "name": "user",
            "password": "password",
            "password_policy": [],
            "project": "fluted-oath-420013",
            "sql_server_user_details": [],
            "timeouts": null,
            "type": ""
          },
          "sensitive_attributes": [
            [
              {
                "type": "get_attr",
                "value": "password"
              }
            ]
          ],
          "private": "eyJlMmJmYjczMC1lY2FhLTExZTYtOGY4OC0zNDM2M2JjN2M0YzAiOnsiY3JlYXRlIjo2MDAwMDAwMDAwMDAsImRlbGV0ZSI6NjAwMDAwMDAwMDAwLCJ1cGRhdGUiOjYwMDAwMDAwMDAwMH0sInNjaGVtYV92ZXJzaW9uIjoiMSJ9",
          "dependencies": [
            "google_compute_network.peering_network",
            "google_compute_subnetwork.peering_subnet",
            "google_sql_database_instance.my-database",
            "google_vpc_access_connector.connector"
          ]
        }
      ]
    },
    {
      "mode": "managed",
      "type": "google_vpc_access_connector",
      "name": "connector",
      "provider": "provider[\"registry.terraform.io/hashicorp/google\"]",
      "instances": [
        {
          "schema_version": 0,
          "attributes": {
            "connected_projects": [
              "fluted-oath-420013"
            ],
            "id": "projects/fluted-oath-420013/locations/europe-west1/connectors/peering-tool",
            "ip_cidr_range": "",
            "machine_type": "e2-micro",
            "max_instances": 3,
            "max_throughput": 300,
            "min_instances": 2,
            "min_throughput": 200,
            "name": "peering-tool",
            "network": "peering-network",
            "project": "fluted-oath-420013",
            "region": "europe-west1",
            "self_link": "projects/fluted-oath-420013/locations/europe-west1/connectors/peering-tool",
            "state": "READY",
            "subnet": [
              {
                "name": "peering-network-subnet",
                "project_id": "fluted-oath-420013"
              }
            ],
            "timeouts": null
          },
          "sensitive_attributes": [],
          "private": "eyJlMmJmYjczMC1lY2FhLTExZTYtOGY4OC0zNDM2M2JjN2M0YzAiOnsiY3JlYXRlIjoxMjAwMDAwMDAwMDAwLCJkZWxldGUiOjEyMDAwMDAwMDAwMDB9fQ==",
          "dependencies": [
            "google_compute_network.peering_network",
            "google_compute_subnetwork.peering_subnet"
          ]
        }
      ]
    }
  ],
  "check_results": null
}
